{
    "name": "motabix",
    "version": "0.0.1",
    "lockfileVersion": 3,
    "requires": true,
    "packages": {
        "": {
            "name": "motabix",
            "version": "0.0.1",
            "dependencies": {
                "@vscode/codicons": "^0.0.45",
                "diff": "^9.0.0",
                "openai": "^6.33.0"
            },
            "devDependencies": {
                "@types/diff": "^7.0.2",
                "@types/node": "^25.5.2",
                "@types/vscode": "^1.120.0",
                "typescript": "^6.0.2"
            },
            "engines": {
                "vscode": "^1.120.0"
            }
        },
        "node_modules/@types/diff": {
            "version": "7.0.2",
            "resolved": "https://mirror-npm.runflare.com/@types/diff/-/diff-7.0.2.tgz",
            "integrity": "sha512-JSWRMozjFKsGlEjiiKajUjIJVKuKdE3oVy2DNtK+fUo8q82nhFZ2CPQwicAIkXrofahDXrWJ7mjelvZphMS98Q==",
            "dev": true,
            "license": "MIT"
        },
        "node_modules/@types/node": {
            "version": "25.5.2",
            "resolved": "https://mirror-npm.runflare.com/@types/node/-/node-25.5.2.tgz",
            "integrity": "sha512-tO4ZIRKNC+MDWV4qKVZe3Ql/woTnmHDr5JD8UI5hn2pwBrHEwOEMZK7WlNb5RKB6EoJ02gwmQS9OrjuFnZYdpg==",
            "dev": true,
            "license": "MIT",
            "dependencies": {
                "undici-types": "~7.18.0"
            }
        },
        "node_modules/@types/vscode": {
            "version": "1.120.0",
            "resolved": "https://mirror-npm.runflare.com/@types/vscode/-/vscode-1.120.0.tgz",
            "integrity": "sha512-feaT4Rst+FkTch5zz/ZbNCxoIvo55YU80Be2kiL7OJcod4+CUYf2lUBPdIJzozNnSEMq1VRTGrWEcCGFB3fBmA==",
            "dev": true,
            "license": "MIT"
        },
        "node_modules/@vscode/codicons": {
            "version": "0.0.45",
            "resolved": "https://mirror-npm.runflare.com/@vscode/codicons/-/codicons-0.0.45.tgz",
            "integrity": "sha512-1KAZ7XCMagp5Gdrlr4bbbcAqgcIL623iO1wW6rfcSVGAVUQvR0WP7bQx1SbJ11gmV3fdQTSEFIJQ/5C+HuVasw==",
            "license": "CC-BY-4.0"
        },
        "node_modules/diff": {
            "version": "9.0.0",
            "resolved": "https://mirror-npm.runflare.com/diff/-/diff-9.0.0.tgz",
            "integrity": "sha512-svtcdpS8CgJyqAjEQIXdb3OjhFVVYjzGAPO8WGCmRbrml64SPw/jJD4GoE98aR7r25A0XcgrK3F02yw9R/vhQw==",
            "license": "BSD-3-Clause",
            "engines": {
                "node": ">=0.3.1"
            }
        },
        "node_modules/openai": {
            "version": "6.33.0",
            "resolved": "https://mirror-npm.runflare.com/openai/-/openai-6.33.0.tgz",
            "integrity": "sha512-xAYN1W3YsDXJWA5F277135YfkEk6H7D3D6vWwRhJ3OEkzRgcyK8z/P5P9Gyi/wB4N8kK9kM5ZjprfvyHagKmpw==",
            "license": "Apache-2.0",
            "bin": {
                "openai": "bin/cli"
            },
            "peerDependencies": {
                "ws": "^8.18.0",
                "zod": "^3.25 || ^4.0"
            },
            "peerDependenciesMeta": {
                "ws": {
                    "optional": true
                },
                "zod": {
                    "optional": true
                }
            }
        },
        "node_modules/typescript": {
            "version": "6.0.2",
            "resolved": "https://mirror-npm.runflare.com/typescript/-/typescript-6.0.2.tgz",
            "integrity": "sha512-bGdAIrZ0wiGDo5l8c++HWtbaNCWTS4UTv7RaTH/ThVIgjkveJt83m74bBHMJkuCbslY8ixgLBVZJIOiQlQTjfQ==",
            "dev": true,
            "license": "Apache-2.0",
            "bin": {
                "tsc": "bin/tsc",
                "tsserver": "bin/tsserver"
            },
            "engines": {
                "node": ">=14.17"
            }
        },
        "node_modules/undici-types": {
            "version": "7.18.2",
            "resolved": "https://mirror-npm.runflare.com/undici-types/-/undici-types-7.18.2.tgz",
            "integrity": "sha512-AsuCzffGHJybSaRrmr5eHr81mwJU3kjw6M+uprWvCXiNeN9SOGwQ3Jn8jb8m3Z6izVgknn1R0FTCEAP2QrLY/w==",
            "dev": true,
            "license": "MIT"
        }
    }
}
